
Microsoft Visual Studio Solution File, Format Version 12.00
# Visual Studio Version 17
VisualStudioVersion = 17.11.35219.272
MinimumVisualStudioVersion = 10.0.40219.1
Project("{9A19103F-16F7-4668-BE54-9A1E7A4F7556}") = "AcademiaBackEnd", "AcademiaBackEnd\AcademiaBackEnd.csproj", "{BB38570B-6489-4D15-845F-92B9CD02E984}"
EndProject
Project("{FAE04EC0-301F-11D3-BF4B-00C04F79EFBC}") = "AcademiaFrontEnd", "AcademiaFrontEnd\AcademiaFrontEnd.csproj", "{58632551-ACCF-43A5-A781-62F7E720D0DF}"
EndProject
Global
	GlobalSection(SolutionConfigurationPlatforms) = preSolution
		Debug|Any CPU = Debug|Any CPU
		Release|Any CPU = Release|Any CPU
	EndGlobalSection
	GlobalSection(ProjectConfigurationPlatforms) = postSolution
		{BB38570B-6489-4D15-845F-92B9CD02E984}.Debug|Any CPU.ActiveCfg = Debug|Any CPU
		{BB38570B-6489-4D15-845F-92B9CD02E984}.Debug|Any CPU.Build.0 = Debug|Any CPU
		{BB38570B-6489-4D15-845F-92B9CD02E984}.Release|Any CPU.ActiveCfg = Release|Any CPU
		{BB38570B-6489-4D15-845F-92B9CD02E984}.Release|Any CPU.Build.0 = Release|Any CPU
		{58632551-ACCF-43A5-A781-62F7E720D0DF}.Debug|Any CPU.ActiveCfg = Debug|Any CPU
		{58632551-ACCF-43A5-A781-62F7E720D0DF}.Debug|Any CPU.Build.0 = Debug|Any CPU
		{58632551-ACCF-43A5-A781-62F7E720D0DF}.Release|Any CPU.ActiveCfg = Release|Any CPU
		{58632551-ACCF-43A5-A781-62F7E720D0DF}.Release|Any CPU.Build.0 = Release|Any CPU
	EndGlobalSection
	GlobalSection(SolutionProperties) = preSolution
		HideSolutionNode = FALSE
	EndGlobalSection
	GlobalSection(ExtensibilityGlobals) = postSolution
		SolutionGuid = {3FDA929A-7371-4821-A6C3-B6DE4EA13952}
	EndGlobalSection
EndGlobal
